// !$*UTF8*$!
{
	archiveVersion = 1;
	classes = {
	};
	objectVersion = 55;
	objects = {

/* Begin PBXBuildFile section */
		B5B84051292881F700CFF196 /* BeautyApp.swift in Sources */ = {isa = PBXBuildFile; fileRef = B5B84050292881F700CFF196 /* BeautyApp.swift */; };
		B5B84053292881F700CFF196 /* ContentView.swift in Sources */ = {isa = PBXBuildFile; fileRef = B5B84052292881F700CFF196 /* ContentView.swift */; };
		B5B84055292881FB00CFF196 /* Assets.xcassets in Resources */ = {isa = PBXBuildFile; fileRef = B5B84054292881FB00CFF196 /* Assets.xcassets */; };
		B5B84058292881FB00CFF196 /* Preview Assets.xcassets in Resources */ = {isa = PBXBuildFile; fileRef = B5B84057292881FB00CFF196 /* Preview Assets.xcassets */; };
		B5B84062292881FB00CFF196 /* BeautyTests.swift in Sources */ = {isa = PBXBuildFile; fileRef = B5B84061292881FB00CFF196 /* BeautyTests.swift */; };
		B5B8406C292881FB00CFF196 /* BeautyUITests.swift in Sources */ = {isa = PBXBuildFile; fileRef = B5B8406B292881FB00CFF196 /* BeautyUITests.swift */; };
		B5B8406E292881FB00CFF196 /* BeautyUITestsLaunchTests.swift in Sources */ = {isa = PBXBuildFile; fileRef = B5B8406D292881FB00CFF196 /* BeautyUITestsLaunchTests.swift */; };
/* End PBXBuildFile section */

/* Begin PBXContainerItemProxy section */
		B5B8405E292881FB00CFF196 /* PBXContainerItemProxy */ = {
			isa = PBXContainerItemProxy;
			containerPortal = B5B84045292881F700CFF196 /* Project object */;
			proxyType = 1;
			remoteGlobalIDString = B5B8404C292881F700CFF196;
			remoteInfo = Beauty;
		};
		B5B84068292881FB00CFF196 /* PBXContainerItemProxy */ = {
			isa = PBXContainerItemProxy;
			containerPortal = B5B84045292881F700CFF196 /* Project object */;
			proxyType = 1;
			remoteGlobalIDString = B5B8404C292881F700CFF196;
			remoteInfo = Beauty;
		};
/* End PBXContainerItemProxy section */

/* Begin PBXFileReference section */
		B5B8404D292881F700CFF196 /* Beauty.app */ = {isa = PBXFileReference; explicitFileType = wrapper.application; includeInIndex = 0; path = Beauty.app; sourceTree = BUILT_PRODUCTS_DIR; };
		B5B84050292881F700CFF196 /* BeautyApp.swift */ = {isa = PBXFileReference; lastKnownFileType = sourcecode.swift; path = BeautyApp.swift; sourceTree = "<group>"; };
		B5B84052292881F700CFF196 /* ContentView.swift */ = {isa = PBXFileReference; lastKnownFileType = sourcecode.swift; path = ContentView.swift; sourceTree = "<group>"; };
		B5B84054292881FB00CFF196 /* Assets.xcassets */ = {isa = PBXFileReference; lastKnownFileType = folder.assetcatalog; path = Assets.xcassets; sourceTree = "<group>"; };
		B5B84057292881FB00CFF196 /* Preview Assets.xcassets */ = {isa = PBXFileReference; lastKnownFileType = folder.assetcatalog; path = "Preview Assets.xcassets"; sourceTree = "<group>"; };
		B5B8405D292881FB00CFF196 /* BeautyTests.xctest */ = {isa = PBXFileReference; explicitFileType = wrapper.cfbundle; includeInIndex = 0; path = BeautyTests.xctest; sourceTree = BUILT_PRODUCTS_DIR; };
		B5B84061292881FB00CFF196 /* BeautyTests.swift */ = {isa = PBXFileReference; lastKnownFileType = sourcecode.swift; path = BeautyTests.swift; sourceTree = "<group>"; };
		B5B84067292881FB00CFF196 /* BeautyUITests.xctest */ = {isa = PBXFileReference; explicitFileType = wrapper.cfbundle; includeInIndex = 0; path = BeautyUITests.xctest; sourceTree = BUILT_PRODUCTS_DIR; };
		B5B8406B292881FB00CFF196 /* BeautyUITests.swift */ = {isa = PBXFileReference; lastKnownFileType = sourcecode.swift; path = BeautyUITests.swift; sourceTree = "<group>"; };
		B5B8406D292881FB00CFF196 /* BeautyUITestsLaunchTests.swift */ = {isa = PBXFileReference; lastKnownFileType = sourcecode.swift; path = BeautyUITestsLaunchTests.swift; sourceTree = "<group>"; };
/* End PBXFileReference section */

/* Begin PBXFrameworksBuildPhase section */
		B5B8404A292881F700CFF196 /* Frameworks */ = {
			isa = PBXFrameworksBuildPhase;
			buildActionMask = 2147483647;
			files = (
			);
			runOnlyForDeploymentPostprocessing = 0;
		};
		B5B8405A292881FB00CFF196 /* Frameworks */ = {
			isa = PBXFrameworksBuildPhase;
			buildActionMask = 2147483647;
			files = (
			);
			runOnlyForDeploymentPostprocessing = 0;
		};
		B5B84064292881FB00CFF196 /* Frameworks */ = {
			isa = PBXFrameworksBuildPhase;
			buildActionMask = 2147483647;
			files = (
			);
			runOnlyForDeploymentPostprocessing = 0;
		};
/* End PBXFrameworksBuildPhase section */

/* Begin PBXGroup section */
		B5B84044292881F700CFF196 = {
			isa = PBXGroup;
			children = (
				B5B8404F292881F700CFF196 /* Beauty */,
				B5B84060292881FB00CFF196 /* BeautyTests */,
				B5B8406A292881FB00CFF196 /* BeautyUITests */,
				B5B8404E292881F700CFF196 /* Products */,
			);
			sourceTree = "<group>";
		};
		B5B8404E292881F700CFF196 /* Products */ = {
			isa = PBXGroup;
			children = (
				B5B8404D292881F700CFF196 /* Beauty.app */,
				B5B8405D292881FB00CFF196 /* BeautyTests.xctest */,
				B5B84067292881FB00CFF196 /* BeautyUITests.xctest */,
			);
			name = Products;
			sourceTree = "<group>";
		};
		B5B8404F292881F700CFF196 /* Beauty */ = {
			isa = PBXGroup;
			children = (
				B5B84050292881F700CFF196 /* BeautyApp.swift */,
				B5B84052292881F700CFF196 /* ContentView.swift */,
				B5B84054292881FB00CFF196 /* Assets.xcassets */,
				B5B84056292881FB00CFF196 /* Preview Content */,
			);
			path = Beauty;
			sourceTree = "<group>";
		};
		B5B84056292881FB00CFF196 /* Preview Content */ = {
			isa = PBXGroup;
			children = (
				B5B84057292881FB00CFF196 /* Preview Assets.xcassets */,
			);
			path = "Preview Content";
			sourceTree = "<group>";
		};
		B5B84060292881FB00CFF196 /* BeautyTests */ = {
			isa = PBXGroup;
			children = (
				B5B84061292881FB00CFF196 /* BeautyTests.swift */,
			);
			path = BeautyTests;
			sourceTree = "<group>";
		};
		B5B8406A292881FB00CFF196 /* BeautyUITests */ = {
			isa = PBXGroup;
			children = (
				B5B8406B292881FB00CFF196 /* BeautyUITests.swift */,
				B5B8406D292881FB00CFF196 /* BeautyUITestsLaunchTests.swift */,
			);
			path = BeautyUITests;
			sourceTree = "<group>";
		};
/* End PBXGroup section */

/* Begin PBXNativeTarget section */
		B5B8404C292881F700CFF196 /* Beauty */ = {
			isa = PBXNativeTarget;
			buildConfigurationList = B5B84071292881FB00CFF196 /* Build configuration list for PBXNativeTarget "Beauty" */;
			buildPhases = (
				B5B84049292881F700CFF196 /* Sources */,
				B5B8404A292881F700CFF196 /* Frameworks */,
				B5B8404B292881F700CFF196 /* Resources */,
			);
			buildRules = (
			);
			dependencies = (
			);
			name = Beauty;
			productName = Beauty;
			productReference = B5B8404D292881F700CFF196 /* Beauty.app */;
			productType = "com.apple.product-type.application";
		};
		B5B8405C292881FB00CFF196 /* BeautyTests */ = {
			isa = PBXNativeTarget;
			buildConfigurationList = B5B84074292881FB00CFF196 /* Build configuration list for PBXNativeTarget "BeautyTests" */;
			buildPhases = (
				B5B84059292881FB00CFF196 /* Sources */,
				B5B8405A292881FB00CFF196 /* Frameworks */,
				B5B8405B292881FB00CFF196 /* Resources */,
			);
			buildRules = (
			);
			dependencies = (
				B5B8405F292881FB00CFF196 /* PBXTargetDependency */,
			);
			name = BeautyTests;
			productName = BeautyTests;
			productReference = B5B8405D292881FB00CFF196 /* BeautyTests.xctest */;
			productType = "com.apple.product-type.bundle.unit-test";
		};
		B5B84066292881FB00CFF196 /* BeautyUITests */ = {
			isa = PBXNativeTarget;
			buildConfigurationList = B5B84077292881FB00CFF196 /* Build configuration list for PBXNativeTarget "BeautyUITests" */;
			buildPhases = (
				B5B84063292881FB00CFF196 /* Sources */,
				B5B84064292881FB00CFF196 /* Frameworks */,
				B5B84065292881FB00CFF196 /* Resources */,
			);
			buildRules = (
			);
			dependencies = (
				B5B84069292881FB00CFF196 /* PBXTargetDependency */,
			);
			name = BeautyUITests;
			productName = BeautyUITests;
			productReference = B5B84067292881FB00CFF196 /* BeautyUITests.xctest */;
			productType = "com.apple.product-type.bundle.ui-testing";
		};
/* End PBXNativeTarget section */

/* Begin PBXProject section */
		B5B84045292881F700CFF196 /* Project object */ = {
			isa = PBXProject;
			attributes = {
				BuildIndependentTargetsInParallel = 1;
				LastSwiftUpdateCheck = 1340;
				LastUpgradeCheck = 1340;
				TargetAttributes = {
					B5B8404C292881F700CFF196 = {
						CreatedOnToolsVersion = 13.4.1;
					};
					B5B8405C292881FB00CFF196 = {
						CreatedOnToolsVersion = 13.4.1;
						TestTargetID = B5B8404C292881F700CFF196;
					};
					B5B84066292881FB00CFF196 = {
						CreatedOnToolsVersion = 13.4.1;
						TestTargetID = B5B8404C292881F700CFF196;
					};
				};
			};
			buildConfigurationList = B5B84048292881F700CFF196 /* Build configuration list for PBXProject "Beauty" */;
			compatibilityVersion = "Xcode 13.0";
			developmentRegion = en;
			hasScannedForEncodings = 0;
			knownRegions = (
				en,
				Base,
			);
			mainGroup = B5B84044292881F700CFF196;
			productRefGroup = B5B8404E292881F700CFF196 /* Products */;
			projectDirPath = "";
			projectRoot = "";
			targets = (
				B5B8404C292881F700CFF196 /* Beauty */,
				B5B8405C292881FB00CFF196 /* BeautyTests */,
				B5B84066292881FB00CFF196 /* BeautyUITests */,
			);
		};
/* End PBXProject section */

/* Begin PBXResourcesBuildPhase section */
		B5B8404B292881F700CFF196 /* Resources */ = {
			isa = PBXResourcesBuildPhase;
			buildActionMask = 2147483647;
			files = (
				B5B84058292881FB00CFF196 /* Preview Assets.xcassets in Resources */,
				B5B84055292881FB00CFF196 /* Assets.xcassets in Resources */,
			);
			runOnlyForDeploymentPostprocessing = 0;
		};
		B5B8405B292881FB00CFF196 /* Resources */ = {
			isa = PBXResourcesBuildPhase;
			buildActionMask = 2147483647;
			files = (
			);
			runOnlyForDeploymentPostprocessing = 0;
		};
		B5B84065292881FB00CFF196 /* Resources */ = {
			isa = PBXResourcesBuildPhase;
			buildActionMask = 2147483647;
			files = (
			);
			runOnlyForDeploymentPostprocessing = 0;
		};
/* End PBXResourcesBuildPhase section */

/* Begin PBXSourcesBuildPhase section */
		B5B84049292881F700CFF196 /* Sources */ = {
			isa = PBXSourcesBuildPhase;
			buildActionMask = 2147483647;
			files = (
				B5B84053292881F700CFF196 /* ContentView.swift in Sources */,
				B5B84051292881F700CFF196 /* BeautyApp.swift in Sources */,
			);
			runOnlyForDeploymentPostprocessing = 0;
		};
		B5B84059292881FB00CFF196 /* Sources */ = {
			isa = PBXSourcesBuildPhase;
			buildActionMask = 2147483647;
			files = (
				B5B84062292881FB00CFF196 /* BeautyTests.swift in Sources */,
			);
			runOnlyForDeploymentPostprocessing = 0;
		};
		B5B84063292881FB00CFF196 /* Sources */ = {
			isa = PBXSourcesBuildPhase;
			buildActionMask = 2147483647;
			files = (
				B5B8406E292881FB00CFF196 /* BeautyUITestsLaunchTests.swift in Sources */,
				B5B8406C292881FB00CFF196 /* BeautyUITests.swift in Sources */,
			);
			runOnlyForDeploymentPostprocessing = 0;
		};
/* End PBXSourcesBuildPhase section */

/* Begin PBXTargetDependency section */
		B5B8405F292881FB00CFF196 /* PBXTargetDependency */ = {
			isa = PBXTargetDependency;
			target = B5B8404C292881F700CFF196 /* Beauty */;
			targetProxy = B5B8405E292881FB00CFF196 /* PBXContainerItemProxy */;
		};
		B5B84069292881FB00CFF196 /* PBXTargetDependency */ = {
			isa = PBXTargetDependency;
			target = B5B8404C292881F700CFF196 /* Beauty */;
			targetProxy = B5B84068292881FB00CFF196 /* PBXContainerItemProxy */;
		};
/* End PBXTargetDependency section */

/* Begin XCBuildConfiguration section */
		B5B8406F292881FB00CFF196 /* Debug */ = {
			isa = XCBuildConfiguration;
			buildSettings = {
				ALWAYS_SEARCH_USER_PATHS = NO;
				CLANG_ANALYZER_NONNULL = YES;
				CLANG_ANALYZER_NUMBER_OBJECT_CONVERSION = YES_AGGRESSIVE;
				CLANG_CXX_LANGUAGE_STANDARD = "gnu++17";
				CLANG_ENABLE_MODULES = YES;
				CLANG_ENABLE_OBJC_ARC = YES;
				CLANG_ENABLE_OBJC_WEAK = YES;
				CLANG_WARN_BLOCK_CAPTURE_AUTORELEASING = YES;
				CLANG_WARN_BOOL_CONVERSION = YES;
				CLANG_WARN_COMMA = YES;
				CLANG_WARN_CONSTANT_CONVERSION = YES;
				CLANG_WARN_DEPRECATED_OBJC_IMPLEMENTATIONS = YES;
				CLANG_WARN_DIRECT_OBJC_ISA_USAGE = YES_ERROR;
				CLANG_WARN_DOCUMENTATION_COMMENTS = YES;
				CLANG_WARN_EMPTY_BODY = YES;
				CLANG_WARN_ENUM_CONVERSION = YES;
				CLANG_WARN_INFINITE_RECURSION = YES;
				CLANG_WARN_INT_CONVERSION = YES;
				CLANG_WARN_NON_LITERAL_NULL_CONVERSION = YES;
				CLANG_WARN_OBJC_IMPLICIT_RETAIN_SELF = YES;
				CLANG_WARN_OBJC_LITERAL_CONVERSION = YES;
				CLANG_WARN_OBJC_ROOT_CLASS = YES_ERROR;
				CLANG_WARN_QUOTED_INCLUDE_IN_FRAMEWORK_HEADER = YES;
				CLANG_WARN_RANGE_LOOP_ANALYSIS = YES;
				CLANG_WARN_STRICT_PROTOTYPES = YES;
				CLANG_WARN_SUSPICIOUS_MOVE = YES;
				CLANG_WARN_UNGUARDED_AVAILABILITY = YES_AGGRESSIVE;
				CLANG_WARN_UNREACHABLE_CODE = YES;
				CLANG_WARN__DUPLICATE_METHOD_MATCH = YES;
				COPY_PHASE_STRIP = NO;
				DEBUG_INFORMATION_FORMAT = dwarf;
				ENABLE_STRICT_OBJC_MSGSEND = YES;
				ENABLE_TESTABILITY = YES;
				GCC_C_LANGUAGE_STANDARD = gnu11;
				GCC_DYNAMIC_NO_PIC = NO;
				GCC_NO_COMMON_BLOCKS = YES;
				GCC_OPTIMIZATION_LEVEL = 0;
				GCC_PREPROCESSOR_DEFINITIONS = (
					"DEBUG=1",
					"$(inherited)",
				);
				GCC_WARN_64_TO_32_BIT_CONVERSION = YES;
				GCC_WARN_ABOUT_RETURN_TYPE = YES_ERROR;
				GCC_WARN_UNDECLARED_SELECTOR = YES;
				GCC_WARN_UNINITIALIZED_AUTOS = YES_AGGRESSIVE;
				GCC_WARN_UNUSED_FUNCTION = YES;
				GCC_WARN_UNUSED_VARIABLE = YES;
				IPHONEOS_DEPLOYMENT_TARGET = 15.5;
				MTL_ENABLE_DEBUG_INFO = INCLUDE_SOURCE;
				MTL_FAST_MATH = YES;
				ONLY_ACTIVE_ARCH = YES;
				SDKROOT = iphoneos;
				SWIFT_ACTIVE_COMPILATION_CONDITIONS = DEBUG;
				SWIFT_OPTIMIZATION_LEVEL = "-Onone";
			};
			name = Debug;
		};
		B5B84070292881FB00CFF196 /* Release */ = {
			isa = XCBuildConfiguration;
			buildSettings = {
				ALWAYS_SEARCH_USER_PATHS = NO;
				CLANG_ANALYZER_NONNULL = YES;
				CLANG_ANALYZER_NUMBER_OBJECT_CONVERSION = YES_AGGRESSIVE;
				CLANG_CXX_LANGUAGE_STANDARD = "gnu++17";
				CLANG_ENABLE_MODULES = YES;
				CLANG_ENABLE_OBJC_ARC = YES;
				CLANG_ENABLE_OBJC_WEAK = YES;
				CLANG_WARN_BLOCK_CAPTURE_AUTORELEASING = YES;
				CLANG_WARN_BOOL_CONVERSION = YES;
				CLANG_WARN_COMMA = YES;
				CLANG_WARN_CONSTANT_CONVERSION = YES;
				CLANG_WARN_DEPRECATED_OBJC_IMPLEMENTATIONS = YES;
				CLANG_WARN_DIRECT_OBJC_ISA_USAGE = YES_ERROR;
				CLANG_WARN_DOCUMENTATION_COMMENTS = YES;
				CLANG_WARN_EMPTY_BODY = YES;
				CLANG_WARN_ENUM_CONVERSION = YES;
				CLANG_WARN_INFINITE_RECURSION = YES;
				CLANG_WARN_INT_CONVERSION = YES;
				CLANG_WARN_NON_LITERAL_NULL_CONVERSION = YES;
				CLANG_WARN_OBJC_IMPLICIT_RETAIN_SELF = YES;
				CLANG_WARN_OBJC_LITERAL_CONVERSION = YES;
				CLANG_WARN_OBJC_ROOT_CLASS = YES_ERROR;
				CLANG_WARN_QUOTED_INCLUDE_IN_FRAMEWORK_HEADER = YES;
				CLANG_WARN_RANGE_LOOP_ANALYSIS = YES;
				CLANG_WARN_STRICT_PROTOTYPES = YES;
				CLANG_WARN_SUSPICIOUS_MOVE = YES;
				CLANG_WARN_UNGUARDED_AVAILABILITY = YES_AGGRESSIVE;
				CLANG_WARN_UNREACHABLE_CODE = YES;
				CLANG_WARN__DUPLICATE_METHOD_MATCH = YES;
				COPY_PHASE_STRIP = NO;
				DEBUG_INFORMATION_FORMAT = "dwarf-with-dsym";
				ENABLE_NS_ASSERTIONS = NO;
				ENABLE_STRICT_OBJC_MSGSEND = YES;
				GCC_C_LANGUAGE_STANDARD = gnu11;
				GCC_NO_COMMON_BLOCKS = YES;
				GCC_WARN_64_TO_32_BIT_CONVERSION = YES;
				GCC_WARN_ABOUT_RETURN_TYPE = YES_ERROR;
				GCC_WARN_UNDECLARED_SELECTOR = YES;
				GCC_WARN_UNINITIALIZED_AUTOS = YES_AGGRESSIVE;
				GCC_WARN_UNUSED_FUNCTION = YES;
				GCC_WARN_UNUSED_VARIABLE = YES;
				IPHONEOS_DEPLOYMENT_TARGET = 15.5;
				MTL_ENABLE_DEBUG_INFO = NO;
				MTL_FAST_MATH = YES;
				SDKROOT = iphoneos;
				SWIFT_COMPILATION_MODE = wholemodule;
				SWIFT_OPTIMIZATION_LEVEL = "-O";
				VALIDATE_PRODUCT = YES;
			};
			name = Release;
		};
		B5B84072292881FB00CFF196 /* Debug */ = {
			isa = XCBuildConfiguration;
			buildSettings = {
				ASSETCATALOG_COMPILER_APPICON_NAME = AppIcon;
				ASSETCATALOG_COMPILER_GLOBAL_ACCENT_COLOR_NAME = AccentColor;
				CODE_SIGN_STYLE = Automatic;
				CURRENT_PROJECT_VERSION = 1;
				DEVELOPMENT_ASSET_PATHS = "\"Beauty/Preview Content\"";
				DEVELOPMENT_TEAM = RY2W95Z4GF;
				ENABLE_PREVIEWS = YES;
				GENERATE_INFOPLIST_FILE = YES;
				INFOPLIST_KEY_UIApplicationSceneManifest_Generation = YES;
				INFOPLIST_KEY_UIApplicationSupportsIndirectInputEvents = YES;
				INFOPLIST_KEY_UILaunchScreen_Generation = YES;
				INFOPLIST_KEY_UISupportedInterfaceOrientations_iPad = "UIInterfaceOrientationPortrait UIInterfaceOrientationPortraitUpsideDown UIInterfaceOrientationLandscapeLeft UIInterfaceOrientationLandscapeRight";
				INFOPLIST_KEY_UISupportedInterfaceOrientations_iPhone = "UIInterfaceOrientationPortrait UIInterfaceOrientationLandscapeLeft UIInterfaceOrientationLandscapeRight";
				LD_RUNPATH_SEARCH_PATHS = (
					"$(inherited)",
					"@executable_path/Frameworks",
				);
				MARKETING_VERSION = 1.0;
				PRODUCT_BUNDLE_IDENTIFIER = sfsu.Beauty;
				PRODUCT_NAME = "$(TARGET_NAME)";
				SWIFT_EMIT_LOC_STRINGS = YES;
				SWIFT_VERSION = 5.0;
				TARGETED_DEVICE_FAMILY = "1,2";
			};
			name = Debug;
		};
		B5B84073292881FB00CFF196 /* Release */ = {
			isa = XCBuildConfiguration;
			buildSettings = {
				ASSETCATALOG_COMPILER_APPICON_NAME = AppIcon;
				ASSETCATALOG_COMPILER_GLOBAL_ACCENT_COLOR_NAME = AccentColor;
				CODE_SIGN_STYLE = Automatic;
				CURRENT_PROJECT_VERSION = 1;
				DEVELOPMENT_ASSET_PATHS = "\"Beauty/Preview Content\"";
				DEVELOPMENT_TEAM = RY2W95Z4GF;
				ENABLE_PREVIEWS = YES;
				GENERATE_INFOPLIST_FILE = YES;
				INFOPLIST_KEY_UIApplicationSceneManifest_Generation = YES;
				INFOPLIST_KEY_UIApplicationSupportsIndirectInputEvents = YES;
				INFOPLIST_KEY_UILaunchScreen_Generation = YES;
				INFOPLIST_KEY_UISupportedInterfaceOrientations_iPad = "UIInterfaceOrientationPortrait UIInterfaceOrientationPortraitUpsideDown UIInterfaceOrientationLandscapeLeft UIInterfaceOrientationLandscapeRight";
				INFOPLIST_KEY_UISupportedInterfaceOrientations_iPhone = "UIInterfaceOrientationPortrait UIInterfaceOrientationLandscapeLeft UIInterfaceOrientationLandscapeRight";
				LD_RUNPATH_SEARCH_PATHS = (
					"$(inherited)",
					"@executable_path/Frameworks",
				);
				MARKETING_VERSION = 1.0;
				PRODUCT_BUNDLE_IDENTIFIER = sfsu.Beauty;
				PRODUCT_NAME = "$(TARGET_NAME)";
				SWIFT_EMIT_LOC_STRINGS = YES;
				SWIFT_VERSION = 5.0;
				TARGETED_DEVICE_FAMILY = "1,2";
			};
			name = Release;
		};
		B5B84075292881FB00CFF196 /* Debug */ = {
			isa = XCBuildConfiguration;
			buildSettings = {
				ALWAYS_EMBED_SWIFT_STANDARD_LIBRARIES = YES;
				BUNDLE_LOADER = "$(TEST_HOST)";
				CODE_SIGN_STYLE = Automatic;
				CURRENT_PROJECT_VERSION = 1;
				DEVELOPMENT_TEAM = RY2W95Z4GF;
				GENERATE_INFOPLIST_FILE = YES;
				IPHONEOS_DEPLOYMENT_TARGET = 15.5;
				MARKETING_VERSION = 1.0;
				PRODUCT_BUNDLE_IDENTIFIER = sfsu.BeautyTests;
				PRODUCT_NAME = "$(TARGET_NAME)";
				SWIFT_EMIT_LOC_STRINGS = NO;
				SWIFT_VERSION = 5.0;
				TARGETED_DEVICE_FAMILY = "1,2";
				TEST_HOST = "$(BUILT_PRODUCTS_DIR)/Beauty.app/Beauty";
			};
			name = Debug;
		};
		B5B84076292881FB00CFF196 /* Release */ = {
			isa = XCBuildConfiguration;
			buildSettings = {
				ALWAYS_EMBED_SWIFT_STANDARD_LIBRARIES = YES;
				BUNDLE_LOADER = "$(TEST_HOST)";
				CODE_SIGN_STYLE = Automatic;
				CURRENT_PROJECT_VERSION = 1;
				DEVELOPMENT_TEAM = RY2W95Z4GF;
				GENERATE_INFOPLIST_FILE = YES;
				IPHONEOS_DEPLOYMENT_TARGET = 15.5;
				MARKETING_VERSION = 1.0;
				PRODUCT_BUNDLE_IDENTIFIER = sfsu.BeautyTests;
				PRODUCT_NAME = "$(TARGET_NAME)";
				SWIFT_EMIT_LOC_STRINGS = NO;
				SWIFT_VERSION = 5.0;
				TARGETED_DEVICE_FAMILY = "1,2";
				TEST_HOST = "$(BUILT_PRODUCTS_DIR)/Beauty.app/Beauty";
			};
			name = Release;
		};
		B5B84078292881FB00CFF196 /* Debug */ = {
			isa = XCBuildConfiguration;
			buildSettings = {
				ALWAYS_EMBED_SWIFT_STANDARD_LIBRARIES = YES;
				CODE_SIGN_STYLE = Automatic;
				CURRENT_PROJECT_VERSION = 1;
				DEVELOPMENT_TEAM = RY2W95Z4GF;
				GENERATE_INFOPLIST_FILE = YES;
				MARKETING_VERSION = 1.0;
				PRODUCT_BUNDLE_IDENTIFIER = sfsu.BeautyUITests;
				PRODUCT_NAME = "$(TARGET_NAME)";
				SWIFT_EMIT_LOC_STRINGS = NO;
				SWIFT_VERSION = 5.0;
				TARGETED_DEVICE_FAMILY = "1,2";
				TEST_TARGET_NAME = Beauty;
			};
			name = Debug;
		};
		B5B84079292881FB00CFF196 /* Release */ = {
			isa = XCBuildConfiguration;
			buildSettings = {
				ALWAYS_EMBED_SWIFT_STANDARD_LIBRARIES = YES;
				CODE_SIGN_STYLE = Automatic;
				CURRENT_PROJECT_VERSION = 1;
				DEVELOPMENT_TEAM = RY2W95Z4GF;
				GENERATE_INFOPLIST_FILE = YES;
				MARKETING_VERSION = 1.0;
				PRODUCT_BUNDLE_IDENTIFIER = sfsu.BeautyUITests;
				PRODUCT_NAME = "$(TARGET_NAME)";
				SWIFT_EMIT_LOC_STRINGS = NO;
				SWIFT_VERSION = 5.0;
				TARGETED_DEVICE_FAMILY = "1,2";
				TEST_TARGET_NAME = Beauty;
			};
			name = Release;
		};
/* End XCBuildConfiguration section */

/* Begin XCConfigurationList section */
		B5B84048292881F700CFF196 /* Build configuration list for PBXProject "Beauty" */ = {
			isa = XCConfigurationList;
			buildConfigurations = (
				B5B8406F292881FB00CFF196 /* Debug */,
				B5B84070292881FB00CFF196 /* Release */,
			);
			defaultConfigurationIsVisible = 0;
			defaultConfigurationName = Release;
		};
		B5B84071292881FB00CFF196 /* Build configuration list for PBXNativeTarget "Beauty" */ = {
			isa = XCConfigurationList;
			buildConfigurations = (
				B5B84072292881FB00CFF196 /* Debug */,
				B5B84073292881FB00CFF196 /* Release */,
			);
			defaultConfigurationIsVisible = 0;
			defaultConfigurationName = Release;
		};
		B5B84074292881FB00CFF196 /* Build configuration list for PBXNativeTarget "BeautyTests" */ = {
			isa = XCConfigurationList;
			buildConfigurations = (
				B5B84075292881FB00CFF196 /* Debug */,
				B5B84076292881FB00CFF196 /* Release */,
			);
			defaultConfigurationIsVisible = 0;
			defaultConfigurationName = Release;
		};
		B5B84077292881FB00CFF196 /* Build configuration list for PBXNativeTarget "BeautyUITests" */ = {
			isa = XCConfigurationList;
			buildConfigurations = (
				B5B84078292881FB00CFF196 /* Debug */,
				B5B84079292881FB00CFF196 /* Release */,
			);
			defaultConfigurationIsVisible = 0;
			defaultConfigurationName = Release;
		};
/* End XCConfigurationList section */
	};
	rootObject = B5B84045292881F700CFF196 /* Project object */;
}
